
Microsoft Visual Studio Solution File, Format Version 12.00
# Visual Studio Version 17
VisualStudioVersion = 17.7.34221.43
MinimumVisualStudioVersion = 10.0.40219.1
Project("{FAE04EC0-301F-11D3-BF4B-00C04F79EFBC}") = "VegaJuego", "VegaJuego\VegaJuego.csproj", "{C9405654-ABF3-4AAC-91BE-356BC9EB0474}"
EndProject
Global
	GlobalSection(SolutionConfigurationPlatforms) = preSolution
		Debug|Any CPU = Debug|Any CPU
		Release|Any CPU = Release|Any CPU
	EndGlobalSection
	GlobalSection(ProjectConfigurationPlatforms) = postSolution
		{C9405654-ABF3-4AAC-91BE-356BC9EB0474}.Debug|Any CPU.ActiveCfg = Debug|Any CPU
		{C9405654-ABF3-4AAC-91BE-356BC9EB0474}.Debug|Any CPU.Build.0 = Debug|Any CPU
		{C9405654-ABF3-4AAC-91BE-356BC9EB0474}.Release|Any CPU.ActiveCfg = Release|Any CPU
		{C9405654-ABF3-4AAC-91BE-356BC9EB0474}.Release|Any CPU.Build.0 = Release|Any CPU
	EndGlobalSection
	GlobalSection(SolutionProperties) = preSolution
		HideSolutionNode = FALSE
	EndGlobalSection
	GlobalSection(ExtensibilityGlobals) = postSolution
		SolutionGuid = {14DBD580-5E53-43B4-8AFE-13C5B7298F60}
	EndGlobalSection
EndGlobal
